
Microsoft Visual Studio Solution File, Format Version 12.00
# Visual Studio Version 17
VisualStudioVersion = 17.14.37111.16 d17.14
MinimumVisualStudioVersion = 10.0.40219.1
Project("{FAE04EC0-301F-11D3-BF4B-00C04F79EFBC}") = "INF.5120.Arch0604.Api", "INF.5120.Arch0604.Api\INF.5120.Arch0604.Api.csproj", "{3F6B0EB3-0E00-4B2A-A6ED-85C27958AEFC}"
EndProject
Project("{2150E333-8FDC-42A3-9474-1A3956D46DE8}") = "src", "src", "{02EA681E-C7D8-13C7-8484-4AC65E1B71E8}"
EndProject
Project("{2150E333-8FDC-42A3-9474-1A3956D46DE8}") = "tests", "tests", "{B940FAF9-3A4B-4232-AA8B-7267001283F4}"
EndProject
Project("{FAE04EC0-301F-11D3-BF4B-00C04F79EFBC}") = "INF.5120.Arch0604.Application", "..\INF.5120.Arch0604.Application\INF.5120.Arch0604.Application.csproj", "{EB01E601-52F6-46EA-8E15-0D80F13FB373}"
EndProject
Project("{FAE04EC0-301F-11D3-BF4B-00C04F79EFBC}") = "INF.5120.Arch0604.Domain", "INF.5120.Arch0604.Domain\INF.5120.Arch0604.Domain.csproj", "{DC50CCB3-13BB-4806-8A00-DF9743B3CDFF}"
EndProject
Project("{FAE04EC0-301F-11D3-BF4B-00C04F79EFBC}") = "INF.5120.Arch0604.Infrastructure", "INF.5120.Arch0604.Infrastructure\INF.5120.Arch0604.Infrastructure.csproj", "{F6D0CBBD-545E-4447-963C-5C29D8BA109B}"
EndProject
Project("{FAE04EC0-301F-11D3-BF4B-00C04F79EFBC}") = "INF.5120.Arch0604.Api.Tests", "..\INF.5120.Arch0604.Api.Tests\INF.5120.Arch0604.Api.Tests.csproj", "{D666AD55-985A-49C4-A670-17DC9131E5D6}"
EndProject
Project("{FAE04EC0-301F-11D3-BF4B-00C04F79EFBC}") = "INF.5120.Arch0604.Application.Tests", "..\INF.5120.Arch0604.Application.Tests\INF.5120.Arch0604.Application.Tests.csproj", "{806E7F31-A46C-486F-95CA-427FBD16944B}"
EndProject
Project("{FAE04EC0-301F-11D3-BF4B-00C04F79EFBC}") = "INF.5120.Arch0604.Domain.Tests", "..\INF.5120.Arch0604.Domain.Tests\INF.5120.Arch0604.Domain.Tests.csproj", "{86510BB8-01EB-40E1-9783-7821F55B12C3}"
EndProject
Project("{FAE04EC0-301F-11D3-BF4B-00C04F79EFBC}") = "INF.5120.Arch0604.Infrastructure.Tests", "..\INF.5120.Arch0604.Infrastructure.Tests\INF.5120.Arch0604.Infrastructure.Tests.csproj", "{CA61D3E3-B0A1-49A2-8C67-58F1FCB77764}"
EndProject
Global
	GlobalSection(SolutionConfigurationPlatforms) = preSolution
		Debug|Any CPU = Debug|Any CPU
		Release|Any CPU = Release|Any CPU
	EndGlobalSection
	GlobalSection(ProjectConfigurationPlatforms) = postSolution
		{3F6B0EB3-0E00-4B2A-A6ED-85C27958AEFC}.Debug|Any CPU.ActiveCfg = Debug|Any CPU
		{3F6B0EB3-0E00-4B2A-A6ED-85C27958AEFC}.Debug|Any CPU.Build.0 = Debug|Any CPU
		{3F6B0EB3-0E00-4B2A-A6ED-85C27958AEFC}.Release|Any CPU.ActiveCfg = Release|Any CPU
		{3F6B0EB3-0E00-4B2A-A6ED-85C27958AEFC}.Release|Any CPU.Build.0 = Release|Any CPU
		{EB01E601-52F6-46EA-8E15-0D80F13FB373}.Debug|Any CPU.ActiveCfg = Debug|Any CPU
		{EB01E601-52F6-46EA-8E15-0D80F13FB373}.Debug|Any CPU.Build.0 = Debug|Any CPU
		{EB01E601-52F6-46EA-8E15-0D80F13FB373}.Release|Any CPU.ActiveCfg = Release|Any CPU
		{EB01E601-52F6-46EA-8E15-0D80F13FB373}.Release|Any CPU.Build.0 = Release|Any CPU
		{DC50CCB3-13BB-4806-8A00-DF9743B3CDFF}.Debug|Any CPU.ActiveCfg = Debug|Any CPU
		{DC50CCB3-13BB-4806-8A00-DF9743B3CDFF}.Debug|Any CPU.Build.0 = Debug|Any CPU
		{DC50CCB3-13BB-4806-8A00-DF9743B3CDFF}.Release|Any CPU.ActiveCfg = Release|Any CPU
		{DC50CCB3-13BB-4806-8A00-DF9743B3CDFF}.Release|Any CPU.Build.0 = Release|Any CPU
		{F6D0CBBD-545E-4447-963C-5C29D8BA109B}.Debug|Any CPU.ActiveCfg = Debug|Any CPU
		{F6D0CBBD-545E-4447-963C-5C29D8BA109B}.Debug|Any CPU.Build.0 = Debug|Any CPU
		{F6D0CBBD-545E-4447-963C-5C29D8BA109B}.Release|Any CPU.ActiveCfg = Release|Any CPU
		{F6D0CBBD-545E-4447-963C-5C29D8BA109B}.Release|Any CPU.Build.0 = Release|Any CPU
		{D666AD55-985A-49C4-A670-17DC9131E5D6}.Debug|Any CPU.ActiveCfg = Debug|Any CPU
		{D666AD55-985A-49C4-A670-17DC9131E5D6}.Debug|Any CPU.Build.0 = Debug|Any CPU
		{D666AD55-985A-49C4-A670-17DC9131E5D6}.Release|Any CPU.ActiveCfg = Release|Any CPU
		{D666AD55-985A-49C4-A670-17DC9131E5D6}.Release|Any CPU.Build.0 = Release|Any CPU
		{806E7F31-A46C-486F-95CA-427FBD16944B}.Debug|Any CPU.ActiveCfg = Debug|Any CPU
		{806E7F31-A46C-486F-95CA-427FBD16944B}.Debug|Any CPU.Build.0 = Debug|Any CPU
		{806E7F31-A46C-486F-95CA-427FBD16944B}.Release|Any CPU.ActiveCfg = Release|Any CPU
		{806E7F31-A46C-486F-95CA-427FBD16944B}.Release|Any CPU.Build.0 = Release|Any CPU
		{86510BB8-01EB-40E1-9783-7821F55B12C3}.Debug|Any CPU.ActiveCfg = Debug|Any CPU
		{86510BB8-01EB-40E1-9783-7821F55B12C3}.Debug|Any CPU.Build.0 = Debug|Any CPU
		{86510BB8-01EB-40E1-9783-7821F55B12C3}.Release|Any CPU.ActiveCfg = Release|Any CPU
		{86510BB8-01EB-40E1-9783-7821F55B12C3}.Release|Any CPU.Build.0 = Release|Any CPU
		{CA61D3E3-B0A1-49A2-8C67-58F1FCB77764}.Debug|Any CPU.ActiveCfg = Debug|Any CPU
		{CA61D3E3-B0A1-49A2-8C67-58F1FCB77764}.Debug|Any CPU.Build.0 = Debug|Any CPU
		{CA61D3E3-B0A1-49A2-8C67-58F1FCB77764}.Release|Any CPU.ActiveCfg = Release|Any CPU
		{CA61D3E3-B0A1-49A2-8C67-58F1FCB77764}.Release|Any CPU.Build.0 = Release|Any CPU
	EndGlobalSection
	GlobalSection(SolutionProperties) = preSolution
		HideSolutionNode = FALSE
	EndGlobalSection
	GlobalSection(NestedProjects) = preSolution
		{3F6B0EB3-0E00-4B2A-A6ED-85C27958AEFC} = {02EA681E-C7D8-13C7-8484-4AC65E1B71E8}
		{EB01E601-52F6-46EA-8E15-0D80F13FB373} = {02EA681E-C7D8-13C7-8484-4AC65E1B71E8}
		{DC50CCB3-13BB-4806-8A00-DF9743B3CDFF} = {02EA681E-C7D8-13C7-8484-4AC65E1B71E8}
		{F6D0CBBD-545E-4447-963C-5C29D8BA109B} = {02EA681E-C7D8-13C7-8484-4AC65E1B71E8}
		{D666AD55-985A-49C4-A670-17DC9131E5D6} = {B940FAF9-3A4B-4232-AA8B-7267001283F4}
		{806E7F31-A46C-486F-95CA-427FBD16944B} = {B940FAF9-3A4B-4232-AA8B-7267001283F4}
		{86510BB8-01EB-40E1-9783-7821F55B12C3} = {B940FAF9-3A4B-4232-AA8B-7267001283F4}
		{CA61D3E3-B0A1-49A2-8C67-58F1FCB77764} = {B940FAF9-3A4B-4232-AA8B-7267001283F4}
	EndGlobalSection
	GlobalSection(ExtensibilityGlobals) = postSolution
		SolutionGuid = {1FDC21C5-EAB9-41FE-89A8-774C5AD29404}
	EndGlobalSection
EndGlobal
